
Microsoft Visual Studio Solution File, Format Version 12.00
# Visual Studio Version 16
VisualStudioVersion = 16.0.30717.126
MinimumVisualStudioVersion = 10.0.40219.1
Project("{FAE04EC0-301F-11D3-BF4B-00C04F79EFBC}") = "Passion-Project", "Passion-Project\Passion-Project.csproj", "{E482675F-CAD6-4024-A597-0B0B6B7610A0}"
EndProject
Global
	GlobalSection(SolutionConfigurationPlatforms) = preSolution
		Debug|Any CPU = Debug|Any CPU
		Release|Any CPU = Release|Any CPU
	EndGlobalSection
	GlobalSection(ProjectConfigurationPlatforms) = postSolution
		{E482675F-CAD6-4024-A597-0B0B6B7610A0}.Debug|Any CPU.ActiveCfg = Debug|Any CPU
		{E482675F-CAD6-4024-A597-0B0B6B7610A0}.Debug|Any CPU.Build.0 = Debug|Any CPU
		{E482675F-CAD6-4024-A597-0B0B6B7610A0}.Release|Any CPU.ActiveCfg = Release|Any CPU
		{E482675F-CAD6-4024-A597-0B0B6B7610A0}.Release|Any CPU.Build.0 = Release|Any CPU
	EndGlobalSection
	GlobalSection(SolutionProperties) = preSolution
		HideSolutionNode = FALSE
	EndGlobalSection
	GlobalSection(ExtensibilityGlobals) = postSolution
		SolutionGuid = {CB10FFC5-E480-42DE-9FC4-D7692CDDAB67}
	EndGlobalSection
EndGlobal
